
Microsoft Visual Studio Solution File, Format Version 12.00
# Visual Studio Version 17
VisualStudioVersion = 17.8.34309.116
MinimumVisualStudioVersion = 10.0.40219.1
Project("{9A19103F-16F7-4668-BE54-9A1E7A4F7556}") = "CalculoFestivo.Dominio", "CalculoFestivo.Dominio\CalculoFestivo.Dominio.csproj", "{1439D7D4-F93C-4350-A650-7BB70D3B899F}"
EndProject
Project("{FAE04EC0-301F-11D3-BF4B-00C04F79EFBC}") = "CalculoFestivo.Core", "CalculoFestivo.Core\CalculoFestivo.Core.csproj", "{CBFD708F-1C62-409C-B9FF-FB9CEB3FF46C}"
EndProject
Global
	GlobalSection(SolutionConfigurationPlatforms) = preSolution
		Debug|Any CPU = Debug|Any CPU
		Release|Any CPU = Release|Any CPU
	EndGlobalSection
	GlobalSection(ProjectConfigurationPlatforms) = postSolution
		{1439D7D4-F93C-4350-A650-7BB70D3B899F}.Debug|Any CPU.ActiveCfg = Debug|Any CPU
		{1439D7D4-F93C-4350-A650-7BB70D3B899F}.Debug|Any CPU.Build.0 = Debug|Any CPU
		{1439D7D4-F93C-4350-A650-7BB70D3B899F}.Release|Any CPU.ActiveCfg = Release|Any CPU
		{1439D7D4-F93C-4350-A650-7BB70D3B899F}.Release|Any CPU.Build.0 = Release|Any CPU
		{CBFD708F-1C62-409C-B9FF-FB9CEB3FF46C}.Debug|Any CPU.ActiveCfg = Debug|Any CPU
		{CBFD708F-1C62-409C-B9FF-FB9CEB3FF46C}.Debug|Any CPU.Build.0 = Debug|Any CPU
		{CBFD708F-1C62-409C-B9FF-FB9CEB3FF46C}.Release|Any CPU.ActiveCfg = Release|Any CPU
		{CBFD708F-1C62-409C-B9FF-FB9CEB3FF46C}.Release|Any CPU.Build.0 = Release|Any CPU
	EndGlobalSection
	GlobalSection(SolutionProperties) = preSolution
		HideSolutionNode = FALSE
	EndGlobalSection
	GlobalSection(ExtensibilityGlobals) = postSolution
		SolutionGuid = {199A9212-0E35-42AB-A3CF-2431F56733FE}
	EndGlobalSection
EndGlobal
